
Microsoft Visual Studio Solution File, Format Version 12.00
# Visual Studio 15
VisualStudioVersion = 15.0.27703.2026
MinimumVisualStudioVersion = 10.0.40219.1
Project("{FAE04EC0-301F-11D3-BF4B-00C04F79EFBC}") = "ASP.NET_MVC_Bootstrap_test", "ASP.NET_MVC_Bootstrap_test\ASP.NET_MVC_Bootstrap_test.csproj", "{4CAA5E15-9B8C-41CA-BD27-93BC013ED71B}"
EndProject
Global
	GlobalSection(SolutionConfigurationPlatforms) = preSolution
		Debug|Any CPU = Debug|Any CPU
		Release|Any CPU = Release|Any CPU
	EndGlobalSection
	GlobalSection(ProjectConfigurationPlatforms) = postSolution
		{4CAA5E15-9B8C-41CA-BD27-93BC013ED71B}.Debug|Any CPU.ActiveCfg = Debug|Any CPU
		{4CAA5E15-9B8C-41CA-BD27-93BC013ED71B}.Debug|Any CPU.Build.0 = Debug|Any CPU
		{4CAA5E15-9B8C-41CA-BD27-93BC013ED71B}.Release|Any CPU.ActiveCfg = Release|Any CPU
		{4CAA5E15-9B8C-41CA-BD27-93BC013ED71B}.Release|Any CPU.Build.0 = Release|Any CPU
	EndGlobalSection
	GlobalSection(SolutionProperties) = preSolution
		HideSolutionNode = FALSE
	EndGlobalSection
	GlobalSection(ExtensibilityGlobals) = postSolution
		SolutionGuid = {516CB850-D6D5-41E2-9C37-63E284276384}
	EndGlobalSection
EndGlobal
